
Microsoft Visual Studio Solution File, Format Version 12.00
# Visual Studio Version 17
VisualStudioVersion = 17.8.34330.188
MinimumVisualStudioVersion = 10.0.40219.1
Project("{FAE04EC0-301F-11D3-BF4B-00C04F79EFBC}") = "ExcelWorldChampionshipELO.Presentation.Console", "ExcelWorldChampionshipELO\ExcelWorldChampionshipELO.Presentation.Console.csproj", "{4CC14E2B-1C24-48BE-BBB2-78D791423DBF}"
EndProject
Project("{FAE04EC0-301F-11D3-BF4B-00C04F79EFBC}") = "ExcelWorldChampionshipELO.Core.Logic", "ExcelWorldChampionshipELO.Core.Logic\ExcelWorldChampionshipELO.Core.Logic.csproj", "{96D4E56C-881E-4C3A-BB60-ADEF73FC6AE4}"
EndProject
Project("{FAE04EC0-301F-11D3-BF4B-00C04F79EFBC}") = "ExcelWorldChampionshipELO.Core.Generation", "ExcelWorldChampionshipELO.Core.Generation\ExcelWorldChampionshipELO.Core.Generation.csproj", "{5887C48C-4752-474E-B900-E51BA69EA6E2}"
EndProject
Project("{FAE04EC0-301F-11D3-BF4B-00C04F79EFBC}") = "ExcelWorldChampionshipELO.Core.Domain", "ExcelWorldChampionshipELO.Core.Domain\ExcelWorldChampionshipELO.Core.Domain.csproj", "{BFD0C3C9-FF9B-4FC9-A988-BF4BF3FF0122}"
EndProject
Project("{FAE04EC0-301F-11D3-BF4B-00C04F79EFBC}") = "ExcelWorldChampionshipELO.Core.Common", "ExcelWorldChampionshipELO.Core.Common\ExcelWorldChampionshipELO.Core.Common.csproj", "{8375E570-AE72-4C7E-BA48-47D40138F94E}"
EndProject
Project("{FAE04EC0-301F-11D3-BF4B-00C04F79EFBC}") = "ExcelWorldChampionshipELO.Core.Visualisation", "ExcelWorldChampionshipELO.Core.Visualisation\ExcelWorldChampionshipELO.Core.Visualisation.csproj", "{CE923378-A387-453C-A53C-4FCD4A737B98}"
EndProject
Global
	GlobalSection(SolutionConfigurationPlatforms) = preSolution
		Debug|Any CPU = Debug|Any CPU
		Release|Any CPU = Release|Any CPU
	EndGlobalSection
	GlobalSection(ProjectConfigurationPlatforms) = postSolution
		{4CC14E2B-1C24-48BE-BBB2-78D791423DBF}.Debug|Any CPU.ActiveCfg = Debug|Any CPU
		{4CC14E2B-1C24-48BE-BBB2-78D791423DBF}.Debug|Any CPU.Build.0 = Debug|Any CPU
		{4CC14E2B-1C24-48BE-BBB2-78D791423DBF}.Release|Any CPU.ActiveCfg = Release|Any CPU
		{4CC14E2B-1C24-48BE-BBB2-78D791423DBF}.Release|Any CPU.Build.0 = Release|Any CPU
		{96D4E56C-881E-4C3A-BB60-ADEF73FC6AE4}.Debug|Any CPU.ActiveCfg = Debug|Any CPU
		{96D4E56C-881E-4C3A-BB60-ADEF73FC6AE4}.Debug|Any CPU.Build.0 = Debug|Any CPU
		{96D4E56C-881E-4C3A-BB60-ADEF73FC6AE4}.Release|Any CPU.ActiveCfg = Release|Any CPU
		{96D4E56C-881E-4C3A-BB60-ADEF73FC6AE4}.Release|Any CPU.Build.0 = Release|Any CPU
		{5887C48C-4752-474E-B900-E51BA69EA6E2}.Debug|Any CPU.ActiveCfg = Debug|Any CPU
		{5887C48C-4752-474E-B900-E51BA69EA6E2}.Debug|Any CPU.Build.0 = Debug|Any CPU
		{5887C48C-4752-474E-B900-E51BA69EA6E2}.Release|Any CPU.ActiveCfg = Release|Any CPU
		{5887C48C-4752-474E-B900-E51BA69EA6E2}.Release|Any CPU.Build.0 = Release|Any CPU
		{BFD0C3C9-FF9B-4FC9-A988-BF4BF3FF0122}.Debug|Any CPU.ActiveCfg = Debug|Any CPU
		{BFD0C3C9-FF9B-4FC9-A988-BF4BF3FF0122}.Debug|Any CPU.Build.0 = Debug|Any CPU
		{BFD0C3C9-FF9B-4FC9-A988-BF4BF3FF0122}.Release|Any CPU.ActiveCfg = Release|Any CPU
		{BFD0C3C9-FF9B-4FC9-A988-BF4BF3FF0122}.Release|Any CPU.Build.0 = Release|Any CPU
		{8375E570-AE72-4C7E-BA48-47D40138F94E}.Debug|Any CPU.ActiveCfg = Debug|Any CPU
		{8375E570-AE72-4C7E-BA48-47D40138F94E}.Debug|Any CPU.Build.0 = Debug|Any CPU
		{8375E570-AE72-4C7E-BA48-47D40138F94E}.Release|Any CPU.ActiveCfg = Release|Any CPU
		{8375E570-AE72-4C7E-BA48-47D40138F94E}.Release|Any CPU.Build.0 = Release|Any CPU
		{CE923378-A387-453C-A53C-4FCD4A737B98}.Debug|Any CPU.ActiveCfg = Debug|Any CPU
		{CE923378-A387-453C-A53C-4FCD4A737B98}.Debug|Any CPU.Build.0 = Debug|Any CPU
		{CE923378-A387-453C-A53C-4FCD4A737B98}.Release|Any CPU.ActiveCfg = Release|Any CPU
		{CE923378-A387-453C-A53C-4FCD4A737B98}.Release|Any CPU.Build.0 = Release|Any CPU
	EndGlobalSection
	GlobalSection(SolutionProperties) = preSolution
		HideSolutionNode = FALSE
	EndGlobalSection
	GlobalSection(ExtensibilityGlobals) = postSolution
		SolutionGuid = {BBDC1083-786F-4539-A0E4-90B536EC7273}
	EndGlobalSection
EndGlobal
